
Microsoft Visual Studio Solution File, Format Version 12.00
# Visual Studio 15
VisualStudioVersion = 15.0.27703.2035
MinimumVisualStudioVersion = 10.0.40219.1
Project("{FAE04EC0-301F-11D3-BF4B-00C04F79EFBC}") = "ToyRobotJyo", "ToyRobotJyo\ToyRobotJyo.csproj", "{008AFFA0-37C7-454D-8522-3FE5FC524952}"
EndProject
Global
	GlobalSection(SolutionConfigurationPlatforms) = preSolution
		Debug|Any CPU = Debug|Any CPU
		Release|Any CPU = Release|Any CPU
	EndGlobalSection
	GlobalSection(ProjectConfigurationPlatforms) = postSolution
		{008AFFA0-37C7-454D-8522-3FE5FC524952}.Debug|Any CPU.ActiveCfg = Debug|Any CPU
		{008AFFA0-37C7-454D-8522-3FE5FC524952}.Debug|Any CPU.Build.0 = Debug|Any CPU
		{008AFFA0-37C7-454D-8522-3FE5FC524952}.Release|Any CPU.ActiveCfg = Release|Any CPU
		{008AFFA0-37C7-454D-8522-3FE5FC524952}.Release|Any CPU.Build.0 = Release|Any CPU
	EndGlobalSection
	GlobalSection(SolutionProperties) = preSolution
		HideSolutionNode = FALSE
	EndGlobalSection
	GlobalSection(ExtensibilityGlobals) = postSolution
		SolutionGuid = {FD4CA13B-8192-41A8-AA18-004BCD81EBCD}
	EndGlobalSection
EndGlobal
